
Microsoft Visual Studio Solution File, Format Version 12.00
# Visual Studio Version 16
VisualStudioVersion = 16.0.30523.141
MinimumVisualStudioVersion = 10.0.40219.1
Project("{FAE04EC0-301F-11D3-BF4B-00C04F79EFBC}") = "Generics-intro", "Generics-intro\Generics-intro.csproj", "{FF43A8B6-517B-4CA0-A117-33CDCE367471}"
EndProject
Global
	GlobalSection(SolutionConfigurationPlatforms) = preSolution
		Debug|Any CPU = Debug|Any CPU
		Release|Any CPU = Release|Any CPU
	EndGlobalSection
	GlobalSection(ProjectConfigurationPlatforms) = postSolution
		{FF43A8B6-517B-4CA0-A117-33CDCE367471}.Debug|Any CPU.ActiveCfg = Debug|Any CPU
		{FF43A8B6-517B-4CA0-A117-33CDCE367471}.Debug|Any CPU.Build.0 = Debug|Any CPU
		{FF43A8B6-517B-4CA0-A117-33CDCE367471}.Release|Any CPU.ActiveCfg = Release|Any CPU
		{FF43A8B6-517B-4CA0-A117-33CDCE367471}.Release|Any CPU.Build.0 = Release|Any CPU
	EndGlobalSection
	GlobalSection(SolutionProperties) = preSolution
		HideSolutionNode = FALSE
	EndGlobalSection
	GlobalSection(ExtensibilityGlobals) = postSolution
		SolutionGuid = {C2AA52D5-660C-4A69-9DE0-4A0C263B9A1F}
	EndGlobalSection
EndGlobal
